{
  "name": "projet",
  "lockfileVersion": 3,
  "requires": true,
  "packages": {
    "": {
      "dependencies": {
        "@react-native-community/slider": "^5.0.1"
      }
    },
    "node_modules/@react-native-community/slider": {
      "version": "5.0.1",
      "resolved": "https://registry.npmjs.org/@react-native-community/slider/-/slider-5.0.1.tgz",
      "integrity": "sha512-K3JRWkIW4wQ79YJ6+BPZzp1SamoikxfPRw7Yw4B4PElEQmqZFrmH9M5LxvIo460/3QSrZF/wCgi3qizJt7g/iw==",
      "license": "MIT"
    }
  }
}
